
Microsoft Visual Studio Solution File, Format Version 12.00
# Visual Studio Version 16
VisualStudioVersion = 16.0.28922.388
MinimumVisualStudioVersion = 10.0.40219.1
Project("{8BC9CEB8-8B4A-11D0-8D11-00A0C91BC942}") = "RemoteListener", "RemoteListener\RemoteListener.vcxproj", "{A5DA0B34-58C6-4C48-9AF0-2D1C3E8B1569}"
EndProject
Global
	GlobalSection(SolutionConfigurationPlatforms) = preSolution
		Debug|x64 = Debug|x64
		Debug|x86 = Debug|x86
		Release|x64 = Release|x64
		Release|x86 = Release|x86
	EndGlobalSection
	GlobalSection(ProjectConfigurationPlatforms) = postSolution
		{A5DA0B34-58C6-4C48-9AF0-2D1C3E8B1569}.Debug|x64.ActiveCfg = Debug|x64
		{A5DA0B34-58C6-4C48-9AF0-2D1C3E8B1569}.Debug|x64.Build.0 = Debug|x64
		{A5DA0B34-58C6-4C48-9AF0-2D1C3E8B1569}.Debug|x86.ActiveCfg = Debug|Win32
		{A5DA0B34-58C6-4C48-9AF0-2D1C3E8B1569}.Debug|x86.Build.0 = Debug|Win32
		{A5DA0B34-58C6-4C48-9AF0-2D1C3E8B1569}.Release|x64.ActiveCfg = Release|x64
		{A5DA0B34-58C6-4C48-9AF0-2D1C3E8B1569}.Release|x64.Build.0 = Release|x64
		{A5DA0B34-58C6-4C48-9AF0-2D1C3E8B1569}.Release|x86.ActiveCfg = Release|Win32
		{A5DA0B34-58C6-4C48-9AF0-2D1C3E8B1569}.Release|x86.Build.0 = Release|Win32
	EndGlobalSection
	GlobalSection(SolutionProperties) = preSolution
		HideSolutionNode = FALSE
	EndGlobalSection
	GlobalSection(ExtensibilityGlobals) = postSolution
		SolutionGuid = {66D7C609-11F3-4C62-810E-DC20FF4FCE06}
	EndGlobalSection
EndGlobal
