<?xml version="1.0" encoding="utf-8"?>
<Project ToolsVersion="4.0" xmlns="http://schemas.microsoft.com/developer/msbuild/2003">
  <ItemGroup>
    <Filter Include="Source Files">
      <UniqueIdentifier>{4FC737F1-C7A5-4376-A066-2A32D752A2FF}</UniqueIdentifier>
      <Extensions>cpp;c;cc;cxx;def;odl;idl;hpj;bat;asm;asmx</Extensions>
    </Filter>
    <Filter Include="Header Files">
      <UniqueIdentifier>{93995380-89BD-4b04-88EB-625FBE52EBFB}</UniqueIdentifier>
      <Extensions>h;hh;hpp;hxx;hm;inl;inc;ipp;xsd</Extensions>
    </Filter>
    <Filter Include="Resource Files">
      <UniqueIdentifier>{67DA6AB6-F800-4c08-8B7A-83BB121AAD01}</UniqueIdentifier>
      <Extensions>rc;ico;cur;bmp;dlg;rc2;rct;bin;rgs;gif;jpg;jpeg;jpe;resx;tiff;tif;png;wav;mfcribbon-ms</Extensions>
    </Filter>
    <Filter Include="Source Files\Outputs">
      <UniqueIdentifier>{2d6f28b9-6609-4dfd-84dd-749a5129e2d5}</UniqueIdentifier>
    </Filter>
    <Filter Include="Source Files\Configs">
      <UniqueIdentifier>{e7ed55a7-b852-4281-9c39-d1a9b447d6a4}</UniqueIdentifier>
    </Filter>
    <Filter Include="Source Files\Configs\RapidXML">
      <UniqueIdentifier>{c33a91f7-d21b-4033-940d-48cfc53567a1}</UniqueIdentifier>
    </Filter>
    <Filter Include="Source Files\Outputs\T9">
      <UniqueIdentifier>{e13aef05-f2e8-4398-961c-4292baf94a2b}</UniqueIdentifier>
    </Filter>
  </ItemGroup>
  <ItemGroup>
    <ClCompile Include="RemoteListener.cpp">
      <Filter>Source Files</Filter>
    </ClCompile>
    <ClCompile Include="Network.cpp">
      <Filter>Source Files</Filter>
    </ClCompile>
    <ClCompile Include="messageParser.cpp">
      <Filter>Source Files</Filter>
    </ClCompile>
    <ClCompile Include="Keyboard.cpp">
      <Filter>Source Files\Outputs</Filter>
    </ClCompile>
    <ClCompile Include="Mouse.cpp">
      <Filter>Source Files\Outputs</Filter>
    </ClCompile>
    <ClCompile Include="Configs.cpp">
      <Filter>Source Files\Configs</Filter>
    </ClCompile>
    <ClCompile Include="Actions.cpp">
      <Filter>Source Files\Configs</Filter>
    </ClCompile>
    <ClCompile Include="Mode.cpp">
      <Filter>Source Files\Configs</Filter>
    </ClCompile>
    <ClCompile Include="Misc.cpp">
      <Filter>Source Files\Outputs</Filter>
    </ClCompile>
    <ClCompile Include="T9.cpp">
      <Filter>Source Files\Outputs\T9</Filter>
    </ClCompile>
    <ClCompile Include="Trie.cpp">
      <Filter>Source Files\Outputs\T9</Filter>
    </ClCompile>
    <ClCompile Include="Util.cpp">
      <Filter>Source Files\Outputs\T9</Filter>
    </ClCompile>
    <ClCompile Include="Node.cpp">
      <Filter>Source Files\Outputs\T9</Filter>
    </ClCompile>
  </ItemGroup>
  <ItemGroup>
    <ClInclude Include="Network.h">
      <Filter>Source Files</Filter>
    </ClInclude>
    <ClInclude Include="RemoteListener.h">
      <Filter>Source Files</Filter>
    </ClInclude>
    <ClInclude Include="messageParser.h">
      <Filter>Source Files</Filter>
    </ClInclude>
    <ClInclude Include="Mouse.h">
      <Filter>Source Files\Outputs</Filter>
    </ClInclude>
    <ClInclude Include="rapidxml_print.hpp">
      <Filter>Source Files\Configs\RapidXML</Filter>
    </ClInclude>
    <ClInclude Include="rapidxml_utils.hpp">
      <Filter>Source Files\Configs\RapidXML</Filter>
    </ClInclude>
    <ClInclude Include="rapidxml.hpp">
      <Filter>Source Files\Configs\RapidXML</Filter>
    </ClInclude>
    <ClInclude Include="rapidxml_iterators.hpp">
      <Filter>Source Files\Configs\RapidXML</Filter>
    </ClInclude>
    <ClInclude Include="Configs.h">
      <Filter>Source Files\Configs</Filter>
    </ClInclude>
    <ClInclude Include="Actions.h">
      <Filter>Source Files\Configs</Filter>
    </ClInclude>
    <ClInclude Include="Mode.h">
      <Filter>Source Files\Configs</Filter>
    </ClInclude>
    <ClInclude Include="Keyboard.h">
      <Filter>Source Files\Outputs</Filter>
    </ClInclude>
    <ClInclude Include="Misc.h">
      <Filter>Source Files\Outputs</Filter>
    </ClInclude>
    <ClInclude Include="json.hpp">
      <Filter>Source Files</Filter>
    </ClInclude>
    <ClInclude Include="base64.h">
      <Filter>Source Files</Filter>
    </ClInclude>
    <ClInclude Include="secrets.h">
      <Filter>Source Files</Filter>
    </ClInclude>
    <ClInclude Include="T9.h">
      <Filter>Source Files\Outputs\T9</Filter>
    </ClInclude>
    <ClInclude Include="Trie.h">
      <Filter>Source Files\Outputs\T9</Filter>
    </ClInclude>
    <ClInclude Include="Util.h">
      <Filter>Source Files\Outputs\T9</Filter>
    </ClInclude>
    <ClInclude Include="Node.h">
      <Filter>Source Files\Outputs\T9</Filter>
    </ClInclude>
    <ClInclude Include="wordlist.h">
      <Filter>Source Files\Outputs\T9</Filter>
    </ClInclude>
  </ItemGroup>
  <ItemGroup>
    <Xml Include="Config_lirc.xml">
      <Filter>Resource Files</Filter>
    </Xml>
    <Xml Include="Config_magic4pc.xml">
      <Filter>Resource Files</Filter>
    </Xml>
    <Xml Include="Config.xml">
      <Filter>Resource Files</Filter>
    </Xml>
  </ItemGroup>
  <ItemGroup>
    <None Include="..\readme.md">
      <Filter>Resource Files</Filter>
    </None>
    <None Include="Makefile" />
    <None Include=".gitignore">
      <Filter>Source Files</Filter>
    </None>
  </ItemGroup>
</Project>